// !$*UTF8*$!
{
	archiveVersion = 1;
	classes = {
	};
	objectVersion = 50;
	objects = {

/* Begin PBXBuildFile section */
		D95358A221A7C9780099105C /* AppDelegate.m in Sources */ = {isa = PBXBuildFile; fileRef = D95358A121A7C9780099105C /* AppDelegate.m */; };
		D95358A521A7C9780099105C /* ViewController.m in Sources */ = {isa = PBXBuildFile; fileRef = D95358A421A7C9780099105C /* ViewController.m */; };
		D95358A821A7C9780099105C /* Main.storyboard in Resources */ = {isa = PBXBuildFile; fileRef = D95358A621A7C9780099105C /* Main.storyboard */; };
		D95358AA21A7C9790099105C /* Assets.xcassets in Resources */ = {isa = PBXBuildFile; fileRef = D95358A921A7C9790099105C /* Assets.xcassets */; };
		D95358AD21A7C9790099105C /* LaunchScreen.storyboard in Resources */ = {isa = PBXBuildFile; fileRef = D95358AB21A7C9790099105C /* LaunchScreen.storyboard */; };
		D95358B021A7C9790099105C /* main.m in Sources */ = {isa = PBXBuildFile; fileRef = D95358AF21A7C9790099105C /* main.m */; };
		D95358BA21A7C9790099105C /* testTests.m in Sources */ = {isa = PBXBuildFile; fileRef = D95358B921A7C9790099105C /* testTests.m */; };
		D95358C521A7C9790099105C /* testUITests.m in Sources */ = {isa = PBXBuildFile; fileRef = D95358C421A7C9790099105C /* testUITests.m */; };
/* End PBXBuildFile section */

/* Begin PBXContainerItemProxy section */
		D95358B621A7C9790099105C /* PBXContainerItemProxy */ = {
			isa = PBXContainerItemProxy;
			containerPortal = D953589521A7C9780099105C /* Project object */;
			proxyType = 1;
			remoteGlobalIDString = D953589C21A7C9780099105C;
			remoteInfo = test;
		};
		D95358C121A7C9790099105C /* PBXContainerItemProxy */ = {
			isa = PBXContainerItemProxy;
			containerPortal = D953589521A7C9780099105C /* Project object */;
			proxyType = 1;
			remoteGlobalIDString = D953589C21A7C9780099105C;
			remoteInfo = test;
		};
/* End PBXContainerItemProxy section */

/* Begin PBXFileReference section */
		D953589D21A7C9780099105C /* test.app */ = {isa = PBXFileReference; explicitFileType = wrapper.application; includeInIndex = 0; path = test.app; sourceTree = BUILT_PRODUCTS_DIR; };
		D95358A021A7C9780099105C /* AppDelegate.h */ = {isa = PBXFileReference; lastKnownFileType = sourcecode.c.h; path = AppDelegate.h; sourceTree = "<group>"; };
		D95358A121A7C9780099105C /* AppDelegate.m */ = {isa = PBXFileReference; lastKnownFileType = sourcecode.c.objc; path = AppDelegate.m; sourceTree = "<group>"; };
		D95358A321A7C9780099105C /* ViewController.h */ = {isa = PBXFileReference; lastKnownFileType = sourcecode.c.h; path = ViewController.h; sourceTree = "<group>"; };
		D95358A421A7C9780099105C /* ViewController.m */ = {isa = PBXFileReference; lastKnownFileType = sourcecode.c.objc; path = ViewController.m; sourceTree = "<group>"; };
		D95358A721A7C9780099105C /* Base */ = {isa = PBXFileReference; lastKnownFileType = file.storyboard; name = Base; path = Base.lproj/Main.storyboard; sourceTree = "<group>"; };
		D95358A921A7C9790099105C /* Assets.xcassets */ = {isa = PBXFileReference; lastKnownFileType = folder.assetcatalog; path = Assets.xcassets; sourceTree = "<group>"; };
		D95358AC21A7C9790099105C /* Base */ = {isa = PBXFileReference; lastKnownFileType = file.storyboard; name = Base; path = Base.lproj/LaunchScreen.storyboard; sourceTree = "<group>"; };
		D95358AE21A7C9790099105C /* Info.plist */ = {isa = PBXFileReference; lastKnownFileType = text.plist.xml; path = Info.plist; sourceTree = "<group>"; };
		D95358AF21A7C9790099105C /* main.m */ = {isa = PBXFileReference; lastKnownFileType = sourcecode.c.objc; path = main.m; sourceTree = "<group>"; };
		D95358B521A7C9790099105C /* testTests.xctest */ = {isa = PBXFileReference; explicitFileType = wrapper.cfbundle; includeInIndex = 0; path = testTests.xctest; sourceTree = BUILT_PRODUCTS_DIR; };
		D95358B921A7C9790099105C /* testTests.m */ = {isa = PBXFileReference; lastKnownFileType = sourcecode.c.objc; path = testTests.m; sourceTree = "<group>"; };
		D95358BB21A7C9790099105C /* Info.plist */ = {isa = PBXFileReference; lastKnownFileType = text.plist.xml; path = Info.plist; sourceTree = "<group>"; };
		D95358C021A7C9790099105C /* testUITests.xctest */ = {isa = PBXFileReference; explicitFileType = wrapper.cfbundle; includeInIndex = 0; path = testUITests.xctest; sourceTree = BUILT_PRODUCTS_DIR; };
		D95358C421A7C9790099105C /* testUITests.m */ = {isa = PBXFileReference; lastKnownFileType = sourcecode.c.objc; path = testUITests.m; sourceTree = "<group>"; };
		D95358C621A7C9790099105C /* Info.plist */ = {isa = PBXFileReference; lastKnownFileType = text.plist.xml; path = Info.plist; sourceTree = "<group>"; };
/* End PBXFileReference section */

/* Begin PBXFrameworksBuildPhase section */
		D953589A21A7C9780099105C /* Frameworks */ = {
			isa = PBXFrameworksBuildPhase;
			buildActionMask = 2147483647;
			files = (
			);
			runOnlyForDeploymentPostprocessing = 0;
		};
		D95358B221A7C9790099105C /* Frameworks */ = {
			isa = PBXFrameworksBuildPhase;
			buildActionMask = 2147483647;
			files = (
			);
			runOnlyForDeploymentPostprocessing = 0;
		};
		D95358BD21A7C9790099105C /* Frameworks */ = {
			isa = PBXFrameworksBuildPhase;
			buildActionMask = 2147483647;
			files = (
			);
			runOnlyForDeploymentPostprocessing = 0;
		};
/* End PBXFrameworksBuildPhase section */

/* Begin PBXGroup section */
		D953589421A7C9780099105C = {
			isa = PBXGroup;
			children = (
				D953589F21A7C9780099105C /* test */,
				D95358B821A7C9790099105C /* testTests */,
				D95358C321A7C9790099105C /* testUITests */,
				D953589E21A7C9780099105C /* Products */,
			);
			sourceTree = "<group>";
		};
		D953589E21A7C9780099105C /* Products */ = {
			isa = PBXGroup;
			children = (
				D953589D21A7C9780099105C /* test.app */,
				D95358B521A7C9790099105C /* testTests.xctest */,
				D95358C021A7C9790099105C /* testUITests.xctest */,
			);
			name = Products;
			sourceTree = "<group>";
		};
		D953589F21A7C9780099105C /* test */ = {
			isa = PBXGroup;
			children = (
				D95358A021A7C9780099105C /* AppDelegate.h */,
				D95358A121A7C9780099105C /* AppDelegate.m */,
				D95358A321A7C9780099105C /* ViewController.h */,
				D95358A421A7C9780099105C /* ViewController.m */,
				D95358A621A7C9780099105C /* Main.storyboard */,
				D95358A921A7C9790099105C /* Assets.xcassets */,
				D95358AB21A7C9790099105C /* LaunchScreen.storyboard */,
				D95358AE21A7C9790099105C /* Info.plist */,
				D95358AF21A7C9790099105C /* main.m */,
			);
			path = test;
			sourceTree = "<group>";
		};
		D95358B821A7C9790099105C /* testTests */ = {
			isa = PBXGroup;
			children = (
				D95358B921A7C9790099105C /* testTests.m */,
				D95358BB21A7C9790099105C /* Info.plist */,
			);
			path = testTests;
			sourceTree = "<group>";
		};
		D95358C321A7C9790099105C /* testUITests */ = {
			isa = PBXGroup;
			children = (
				D95358C421A7C9790099105C /* testUITests.m */,
				D95358C621A7C9790099105C /* Info.plist */,
			);
			path = testUITests;
			sourceTree = "<group>";
		};
/* End PBXGroup section */

/* Begin PBXNativeTarget section */
		D953589C21A7C9780099105C /* test */ = {
			isa = PBXNativeTarget;
			buildConfigurationList = D95358C921A7C9790099105C /* Build configuration list for PBXNativeTarget "test" */;
			buildPhases = (
				D953589921A7C9780099105C /* Sources */,
				D953589A21A7C9780099105C /* Frameworks */,
				D953589B21A7C9780099105C /* Resources */,
			);
			buildRules = (
			);
			dependencies = (
			);
			name = test;
			productName = test;
			productReference = D953589D21A7C9780099105C /* test.app */;
			productType = "com.apple.product-type.application";
		};
		D95358B421A7C9790099105C /* testTests */ = {
			isa = PBXNativeTarget;
			buildConfigurationList = D95358CC21A7C9790099105C /* Build configuration list for PBXNativeTarget "testTests" */;
			buildPhases = (
				D95358B121A7C9790099105C /* Sources */,
				D95358B221A7C9790099105C /* Frameworks */,
				D95358B321A7C9790099105C /* Resources */,
			);
			buildRules = (
			);
			dependencies = (
				D95358B721A7C9790099105C /* PBXTargetDependency */,
			);
			name = testTests;
			productName = testTests;
			productReference = D95358B521A7C9790099105C /* testTests.xctest */;
			productType = "com.apple.product-type.bundle.unit-test";
		};
		D95358BF21A7C9790099105C /* testUITests */ = {
			isa = PBXNativeTarget;
			buildConfigurationList = D95358CF21A7C9790099105C /* Build configuration list for PBXNativeTarget "testUITests" */;
			buildPhases = (
				D95358BC21A7C9790099105C /* Sources */,
				D95358BD21A7C9790099105C /* Frameworks */,
				D95358BE21A7C9790099105C /* Resources */,
			);
			buildRules = (
			);
			dependencies = (
				D95358C221A7C9790099105C /* PBXTargetDependency */,
			);
			name = testUITests;
			productName = testUITests;
			productReference = D95358C021A7C9790099105C /* testUITests.xctest */;
			productType = "com.apple.product-type.bundle.ui-testing";
		};
/* End PBXNativeTarget section */

/* Begin PBXProject section */
		D953589521A7C9780099105C /* Project object */ = {
			isa = PBXProject;
			attributes = {
				LastUpgradeCheck = 1000;
				ORGANIZATIONNAME = W_L;
				TargetAttributes = {
					D953589C21A7C9780099105C = {
						CreatedOnToolsVersion = 10.0;
					};
					D95358B421A7C9790099105C = {
						CreatedOnToolsVersion = 10.0;
						TestTargetID = D953589C21A7C9780099105C;
					};
					D95358BF21A7C9790099105C = {
						CreatedOnToolsVersion = 10.0;
						TestTargetID = D953589C21A7C9780099105C;
					};
				};
			};
			buildConfigurationList = D953589821A7C9780099105C /* Build configuration list for PBXProject "test" */;
			compatibilityVersion = "Xcode 9.3";
			developmentRegion = en;
			hasScannedForEncodings = 0;
			knownRegions = (
				en,
				Base,
			);
			mainGroup = D953589421A7C9780099105C;
			productRefGroup = D953589E21A7C9780099105C /* Products */;
			projectDirPath = "";
			projectRoot = "";
			targets = (
				D953589C21A7C9780099105C /* test */,
				D95358B421A7C9790099105C /* testTests */,
				D95358BF21A7C9790099105C /* testUITests */,
			);
		};
/* End PBXProject section */

/* Begin PBXResourcesBuildPhase section */
		D953589B21A7C9780099105C /* Resources */ = {
			isa = PBXResourcesBuildPhase;
			buildActionMask = 2147483647;
			files = (
				D95358AD21A7C9790099105C /* LaunchScreen.storyboard in Resources */,
				D95358AA21A7C9790099105C /* Assets.xcassets in Resources */,
				D95358A821A7C9780099105C /* Main.storyboard in Resources */,
			);
			runOnlyForDeploymentPostprocessing = 0;
		};
		D95358B321A7C9790099105C /* Resources */ = {
			isa = PBXResourcesBuildPhase;
			buildActionMask = 2147483647;
			files = (
			);
			runOnlyForDeploymentPostprocessing = 0;
		};
		D95358BE21A7C9790099105C /* Resources */ = {
			isa = PBXResourcesBuildPhase;
			buildActionMask = 2147483647;
			files = (
			);
			runOnlyForDeploymentPostprocessing = 0;
		};
/* End PBXResourcesBuildPhase section */

/* Begin PBXSourcesBuildPhase section */
		D953589921A7C9780099105C /* Sources */ = {
			isa = PBXSourcesBuildPhase;
			buildActionMask = 2147483647;
			files = (
				D95358A521A7C9780099105C /* ViewController.m in Sources */,
				D95358B021A7C9790099105C /* main.m in Sources */,
				D95358A221A7C9780099105C /* AppDelegate.m in Sources */,
			);
			runOnlyForDeploymentPostprocessing = 0;
		};
		D95358B121A7C9790099105C /* Sources */ = {
			isa = PBXSourcesBuildPhase;
			buildActionMask = 2147483647;
			files = (
				D95358BA21A7C9790099105C /* testTests.m in Sources */,
			);
			runOnlyForDeploymentPostprocessing = 0;
		};
		D95358BC21A7C9790099105C /* Sources */ = {
			isa = PBXSourcesBuildPhase;
			buildActionMask = 2147483647;
			files = (
				D95358C521A7C9790099105C /* testUITests.m in Sources */,
			);
			runOnlyForDeploymentPostprocessing = 0;
		};
/* End PBXSourcesBuildPhase section */

/* Begin PBXTargetDependency section */
		D95358B721A7C9790099105C /* PBXTargetDependency */ = {
			isa = PBXTargetDependency;
			target = D953589C21A7C9780099105C /* test */;
			targetProxy = D95358B621A7C9790099105C /* PBXContainerItemProxy */;
		};
		D95358C221A7C9790099105C /* PBXTargetDependency */ = {
			isa = PBXTargetDependency;
			target = D953589C21A7C9780099105C /* test */;
			targetProxy = D95358C121A7C9790099105C /* PBXContainerItemProxy */;
		};
/* End PBXTargetDependency section */

/* Begin PBXVariantGroup section */
		D95358A621A7C9780099105C /* Main.storyboard */ = {
			isa = PBXVariantGroup;
			children = (
				D95358A721A7C9780099105C /* Base */,
			);
			name = Main.storyboard;
			sourceTree = "<group>";
		};
		D95358AB21A7C9790099105C /* LaunchScreen.storyboard */ = {
			isa = PBXVariantGroup;
			children = (
				D95358AC21A7C9790099105C /* Base */,
			);
			name = LaunchScreen.storyboard;
			sourceTree = "<group>";
		};
/* End PBXVariantGroup section */

/* Begin XCBuildConfiguration section */
		D95358C721A7C9790099105C /* Debug */ = {
			isa = XCBuildConfiguration;
			buildSettings = {
				ALWAYS_SEARCH_USER_PATHS = NO;
				CLANG_ANALYZER_NONNULL = YES;
				CLANG_ANALYZER_NUMBER_OBJECT_CONVERSION = YES_AGGRESSIVE;
				CLANG_CXX_LANGUAGE_STANDARD = "gnu++14";
				CLANG_CXX_LIBRARY = "libc++";
				CLANG_ENABLE_MODULES = YES;
				CLANG_ENABLE_OBJC_ARC = YES;
				CLANG_ENABLE_OBJC_WEAK = YES;
				CLANG_WARN_BLOCK_CAPTURE_AUTORELEASING = YES;
				CLANG_WARN_BOOL_CONVERSION = YES;
				CLANG_WARN_COMMA = YES;
				CLANG_WARN_CONSTANT_CONVERSION = YES;
				CLANG_WARN_DEPRECATED_OBJC_IMPLEMENTATIONS = YES;
				CLANG_WARN_DIRECT_OBJC_ISA_USAGE = YES_ERROR;
				CLANG_WARN_DOCUMENTATION_COMMENTS = YES;
				CLANG_WARN_EMPTY_BODY = YES;
				CLANG_WARN_ENUM_CONVERSION = YES;
				CLANG_WARN_INFINITE_RECURSION = YES;
				CLANG_WARN_INT_CONVERSION = YES;
				CLANG_WARN_NON_LITERAL_NULL_CONVERSION = YES;
				CLANG_WARN_OBJC_IMPLICIT_RETAIN_SELF = YES;
				CLANG_WARN_OBJC_LITERAL_CONVERSION = YES;
				CLANG_WARN_OBJC_ROOT_CLASS = YES_ERROR;
				CLANG_WARN_RANGE_LOOP_ANALYSIS = YES;
				CLANG_WARN_STRICT_PROTOTYPES = YES;
				CLANG_WARN_SUSPICIOUS_MOVE = YES;
				CLANG_WARN_UNGUARDED_AVAILABILITY = YES_AGGRESSIVE;
				CLANG_WARN_UNREACHABLE_CODE = YES;
				CLANG_WARN__DUPLICATE_METHOD_MATCH = YES;
				CODE_SIGN_IDENTITY = "iPhone Developer";
				COPY_PHASE_STRIP = NO;
				DEBUG_INFORMATION_FORMAT = dwarf;
				ENABLE_STRICT_OBJC_MSGSEND = YES;
				ENABLE_TESTABILITY = YES;
				GCC_C_LANGUAGE_STANDARD = gnu11;
				GCC_DYNAMIC_NO_PIC = NO;
				GCC_NO_COMMON_BLOCKS = YES;
				GCC_OPTIMIZATION_LEVEL = 0;
				GCC_PREPROCESSOR_DEFINITIONS = (
					"DEBUG=1",
					"$(inherited)",
				);
				GCC_WARN_64_TO_32_BIT_CONVERSION = YES;
				GCC_WARN_ABOUT_RETURN_TYPE = YES_ERROR;
				GCC_WARN_UNDECLARED_SELECTOR = YES;
				GCC_WARN_UNINITIALIZED_AUTOS = YES_AGGRESSIVE;
				GCC_WARN_UNUSED_FUNCTION = YES;
				GCC_WARN_UNUSED_VARIABLE = YES;
				IPHONEOS_DEPLOYMENT_TARGET = 12.0;
				MTL_ENABLE_DEBUG_INFO = INCLUDE_SOURCE;
				MTL_FAST_MATH = YES;
				ONLY_ACTIVE_ARCH = YES;
				SDKROOT = iphoneos;
			};
			name = Debug;
		};
		D95358C821A7C9790099105C /* Release */ = {
			isa = XCBuildConfiguration;
			buildSettings = {
				ALWAYS_SEARCH_USER_PATHS = NO;
				CLANG_ANALYZER_NONNULL = YES;
				CLANG_ANALYZER_NUMBER_OBJECT_CONVERSION = YES_AGGRESSIVE;
				CLANG_CXX_LANGUAGE_STANDARD = "gnu++14";
				CLANG_CXX_LIBRARY = "libc++";
				CLANG_ENABLE_MODULES = YES;
				CLANG_ENABLE_OBJC_ARC = YES;
				CLANG_ENABLE_OBJC_WEAK = YES;
				CLANG_WARN_BLOCK_CAPTURE_AUTORELEASING = YES;
				CLANG_WARN_BOOL_CONVERSION = YES;
				CLANG_WARN_COMMA = YES;
				CLANG_WARN_CONSTANT_CONVERSION = YES;
				CLANG_WARN_DEPRECATED_OBJC_IMPLEMENTATIONS = YES;
				CLANG_WARN_DIRECT_OBJC_ISA_USAGE = YES_ERROR;
				CLANG_WARN_DOCUMENTATION_COMMENTS = YES;
				CLANG_WARN_EMPTY_BODY = YES;
				CLANG_WARN_ENUM_CONVERSION = YES;
				CLANG_WARN_INFINITE_RECURSION = YES;
				CLANG_WARN_INT_CONVERSION = YES;
				CLANG_WARN_NON_LITERAL_NULL_CONVERSION = YES;
				CLANG_WARN_OBJC_IMPLICIT_RETAIN_SELF = YES;
				CLANG_WARN_OBJC_LITERAL_CONVERSION = YES;
				CLANG_WARN_OBJC_ROOT_CLASS = YES_ERROR;
				CLANG_WARN_RANGE_LOOP_ANALYSIS = YES;
				CLANG_WARN_STRICT_PROTOTYPES = YES;
				CLANG_WARN_SUSPICIOUS_MOVE = YES;
				CLANG_WARN_UNGUARDED_AVAILABILITY = YES_AGGRESSIVE;
				CLANG_WARN_UNREACHABLE_CODE = YES;
				CLANG_WARN__DUPLICATE_METHOD_MATCH = YES;
				CODE_SIGN_IDENTITY = "iPhone Developer";
				COPY_PHASE_STRIP = NO;
				DEBUG_INFORMATION_FORMAT = "dwarf-with-dsym";
				ENABLE_NS_ASSERTIONS = NO;
				ENABLE_STRICT_OBJC_MSGSEND = YES;
				GCC_C_LANGUAGE_STANDARD = gnu11;
				GCC_NO_COMMON_BLOCKS = YES;
				GCC_WARN_64_TO_32_BIT_CONVERSION = YES;
				GCC_WARN_ABOUT_RETURN_TYPE = YES_ERROR;
				GCC_WARN_UNDECLARED_SELECTOR = YES;
				GCC_WARN_UNINITIALIZED_AUTOS = YES_AGGRESSIVE;
				GCC_WARN_UNUSED_FUNCTION = YES;
				GCC_WARN_UNUSED_VARIABLE = YES;
				IPHONEOS_DEPLOYMENT_TARGET = 12.0;
				MTL_ENABLE_DEBUG_INFO = NO;
				MTL_FAST_MATH = YES;
				SDKROOT = iphoneos;
				VALIDATE_PRODUCT = YES;
			};
			name = Release;
		};
		D95358CA21A7C9790099105C /* Debug */ = {
			isa = XCBuildConfiguration;
			buildSettings = {
				ASSETCATALOG_COMPILER_APPICON_NAME = AppIcon;
				CODE_SIGN_STYLE = Automatic;
				INFOPLIST_FILE = test/Info.plist;
				LD_RUNPATH_SEARCH_PATHS = (
					"$(inherited)",
					"@executable_path/Frameworks",
				);
				PRODUCT_BUNDLE_IDENTIFIER = demo.test;
				PRODUCT_NAME = "$(TARGET_NAME)";
				TARGETED_DEVICE_FAMILY = "1,2";
			};
			name = Debug;
		};
		D95358CB21A7C9790099105C /* Release */ = {
			isa = XCBuildConfiguration;
			buildSettings = {
				ASSETCATALOG_COMPILER_APPICON_NAME = AppIcon;
				CODE_SIGN_STYLE = Automatic;
				INFOPLIST_FILE = test/Info.plist;
				LD_RUNPATH_SEARCH_PATHS = (
					"$(inherited)",
					"@executable_path/Frameworks",
				);
				PRODUCT_BUNDLE_IDENTIFIER = demo.test;
				PRODUCT_NAME = "$(TARGET_NAME)";
				TARGETED_DEVICE_FAMILY = "1,2";
			};
			name = Release;
		};
		D95358CD21A7C9790099105C /* Debug */ = {
			isa = XCBuildConfiguration;
			buildSettings = {
				BUNDLE_LOADER = "$(TEST_HOST)";
				CODE_SIGN_STYLE = Automatic;
				INFOPLIST_FILE = testTests/Info.plist;
				LD_RUNPATH_SEARCH_PATHS = (
					"$(inherited)",
					"@executable_path/Frameworks",
					"@loader_path/Frameworks",
				);
				PRODUCT_BUNDLE_IDENTIFIER = demo.testTests;
				PRODUCT_NAME = "$(TARGET_NAME)";
				TARGETED_DEVICE_FAMILY = "1,2";
				TEST_HOST = "$(BUILT_PRODUCTS_DIR)/test.app/test";
			};
			name = Debug;
		};
		D95358CE21A7C9790099105C /* Release */ = {
			isa = XCBuildConfiguration;
			buildSettings = {
				BUNDLE_LOADER = "$(TEST_HOST)";
				CODE_SIGN_STYLE = Automatic;
				INFOPLIST_FILE = testTests/Info.plist;
				LD_RUNPATH_SEARCH_PATHS = (
					"$(inherited)",
					"@executable_path/Frameworks",
					"@loader_path/Frameworks",
				);
				PRODUCT_BUNDLE_IDENTIFIER = demo.testTests;
				PRODUCT_NAME = "$(TARGET_NAME)";
				TARGETED_DEVICE_FAMILY = "1,2";
				TEST_HOST = "$(BUILT_PRODUCTS_DIR)/test.app/test";
			};
			name = Release;
		};
		D95358D021A7C9790099105C /* Debug */ = {
			isa = XCBuildConfiguration;
			buildSettings = {
				CODE_SIGN_STYLE = Automatic;
				INFOPLIST_FILE = testUITests/Info.plist;
				LD_RUNPATH_SEARCH_PATHS = (
					"$(inherited)",
					"@executable_path/Frameworks",
					"@loader_path/Frameworks",
				);
				PRODUCT_BUNDLE_IDENTIFIER = demo.testUITests;
				PRODUCT_NAME = "$(TARGET_NAME)";
				TARGETED_DEVICE_FAMILY = "1,2";
				TEST_TARGET_NAME = test;
			};
			name = Debug;
		};
		D95358D121A7C9790099105C /* Release */ = {
			isa = XCBuildConfiguration;
			buildSettings = {
				CODE_SIGN_STYLE = Automatic;
				INFOPLIST_FILE = testUITests/Info.plist;
				LD_RUNPATH_SEARCH_PATHS = (
					"$(inherited)",
					"@executable_path/Frameworks",
					"@loader_path/Frameworks",
				);
				PRODUCT_BUNDLE_IDENTIFIER = demo.testUITests;
				PRODUCT_NAME = "$(TARGET_NAME)";
				TARGETED_DEVICE_FAMILY = "1,2";
				TEST_TARGET_NAME = test;
			};
			name = Release;
		};
/* End XCBuildConfiguration section */

/* Begin XCConfigurationList section */
		D953589821A7C9780099105C /* Build configuration list for PBXProject "test" */ = {
			isa = XCConfigurationList;
			buildConfigurations = (
				D95358C721A7C9790099105C /* Debug */,
				D95358C821A7C9790099105C /* Release */,
			);
			defaultConfigurationIsVisible = 0;
			defaultConfigurationName = Release;
		};
		D95358C921A7C9790099105C /* Build configuration list for PBXNativeTarget "test" */ = {
			isa = XCConfigurationList;
			buildConfigurations = (
				D95358CA21A7C9790099105C /* Debug */,
				D95358CB21A7C9790099105C /* Release */,
			);
			defaultConfigurationIsVisible = 0;
			defaultConfigurationName = Release;
		};
		D95358CC21A7C9790099105C /* Build configuration list for PBXNativeTarget "testTests" */ = {
			isa = XCConfigurationList;
			buildConfigurations = (
				D95358CD21A7C9790099105C /* Debug */,
				D95358CE21A7C9790099105C /* Release */,
			);
			defaultConfigurationIsVisible = 0;
			defaultConfigurationName = Release;
		};
		D95358CF21A7C9790099105C /* Build configuration list for PBXNativeTarget "testUITests" */ = {
			isa = XCConfigurationList;
			buildConfigurations = (
				D95358D021A7C9790099105C /* Debug */,
				D95358D121A7C9790099105C /* Release */,
			);
			defaultConfigurationIsVisible = 0;
			defaultConfigurationName = Release;
		};
/* End XCConfigurationList section */
	};
	rootObject = D953589521A7C9780099105C /* Project object */;
}
